
Microsoft Visual Studio Solution File, Format Version 12.00
# Visual Studio Version 17
VisualStudioVersion = 17.9.34728.123
MinimumVisualStudioVersion = 10.0.40219.1
Project("{FAE04EC0-301F-11D3-BF4B-00C04F79EFBC}") = "Orientacao_Objeto", "Orientacao_Objeto\Orientacao_Objeto.csproj", "{0FC56105-B92F-44A2-9CA3-B04C24F78256}"
EndProject
Global
	GlobalSection(SolutionConfigurationPlatforms) = preSolution
		Debug|Any CPU = Debug|Any CPU
		Release|Any CPU = Release|Any CPU
	EndGlobalSection
	GlobalSection(ProjectConfigurationPlatforms) = postSolution
		{0FC56105-B92F-44A2-9CA3-B04C24F78256}.Debug|Any CPU.ActiveCfg = Debug|Any CPU
		{0FC56105-B92F-44A2-9CA3-B04C24F78256}.Debug|Any CPU.Build.0 = Debug|Any CPU
		{0FC56105-B92F-44A2-9CA3-B04C24F78256}.Release|Any CPU.ActiveCfg = Release|Any CPU
		{0FC56105-B92F-44A2-9CA3-B04C24F78256}.Release|Any CPU.Build.0 = Release|Any CPU
	EndGlobalSection
	GlobalSection(SolutionProperties) = preSolution
		HideSolutionNode = FALSE
	EndGlobalSection
	GlobalSection(ExtensibilityGlobals) = postSolution
		SolutionGuid = {C1AFD935-822C-49A6-84D7-18D3A65E351C}
	EndGlobalSection
EndGlobal
